
Microsoft Visual Studio Solution File, Format Version 12.00
# Visual Studio Version 17
VisualStudioVersion = 17.6.33712.159
MinimumVisualStudioVersion = 10.0.40219.1
Project("{FAE04EC0-301F-11D3-BF4B-00C04F79EFBC}") = "01_intro_to_ef", "01_intro_to_ef\01_intro_to_ef.csproj", "{2DC5D721-A1E9-4B66-A309-E215A19D7066}"
EndProject
Global
	GlobalSection(SolutionConfigurationPlatforms) = preSolution
		Debug|Any CPU = Debug|Any CPU
		Release|Any CPU = Release|Any CPU
	EndGlobalSection
	GlobalSection(ProjectConfigurationPlatforms) = postSolution
		{2DC5D721-A1E9-4B66-A309-E215A19D7066}.Debug|Any CPU.ActiveCfg = Debug|Any CPU
		{2DC5D721-A1E9-4B66-A309-E215A19D7066}.Debug|Any CPU.Build.0 = Debug|Any CPU
		{2DC5D721-A1E9-4B66-A309-E215A19D7066}.Release|Any CPU.ActiveCfg = Release|Any CPU
		{2DC5D721-A1E9-4B66-A309-E215A19D7066}.Release|Any CPU.Build.0 = Release|Any CPU
	EndGlobalSection
	GlobalSection(SolutionProperties) = preSolution
		HideSolutionNode = FALSE
	EndGlobalSection
	GlobalSection(ExtensibilityGlobals) = postSolution
		SolutionGuid = {A506BCA5-08D6-4E52-82F8-51A62AFB072C}
	EndGlobalSection
EndGlobal
